
Microsoft Visual Studio Solution File, Format Version 12.00
# Visual Studio Version 16
VisualStudioVersion = 16.0.29519.87
MinimumVisualStudioVersion = 10.0.40219.1
Project("{9A19103F-16F7-4668-BE54-9A1E7A4F7556}") = "Bugtracker", "Bugtracker\Bugtracker.csproj", "{521C2F12-2FF3-4DB8-A5F6-54B9F22F6223}"
EndProject
Project("{9A19103F-16F7-4668-BE54-9A1E7A4F7556}") = "Bugtracker.IntegrationTests", "Bugtracker.IntegrationTests\Bugtracker.IntegrationTests.csproj", "{DFB54EA4-0CE4-440D-AC19-4EC7FFB6EFD8}"
	ProjectSection(ProjectDependencies) = postProject
		{521C2F12-2FF3-4DB8-A5F6-54B9F22F6223} = {521C2F12-2FF3-4DB8-A5F6-54B9F22F6223}
	EndProjectSection
EndProject
Global
	GlobalSection(SolutionConfigurationPlatforms) = preSolution
		Debug|Any CPU = Debug|Any CPU
		Release|Any CPU = Release|Any CPU
	EndGlobalSection
	GlobalSection(ProjectConfigurationPlatforms) = postSolution
		{521C2F12-2FF3-4DB8-A5F6-54B9F22F6223}.Debug|Any CPU.ActiveCfg = Debug|Any CPU
		{521C2F12-2FF3-4DB8-A5F6-54B9F22F6223}.Debug|Any CPU.Build.0 = Debug|Any CPU
		{521C2F12-2FF3-4DB8-A5F6-54B9F22F6223}.Release|Any CPU.ActiveCfg = Release|Any CPU
		{521C2F12-2FF3-4DB8-A5F6-54B9F22F6223}.Release|Any CPU.Build.0 = Release|Any CPU
		{DFB54EA4-0CE4-440D-AC19-4EC7FFB6EFD8}.Debug|Any CPU.ActiveCfg = Debug|Any CPU
		{DFB54EA4-0CE4-440D-AC19-4EC7FFB6EFD8}.Debug|Any CPU.Build.0 = Debug|Any CPU
		{DFB54EA4-0CE4-440D-AC19-4EC7FFB6EFD8}.Release|Any CPU.ActiveCfg = Release|Any CPU
		{DFB54EA4-0CE4-440D-AC19-4EC7FFB6EFD8}.Release|Any CPU.Build.0 = Release|Any CPU
	EndGlobalSection
	GlobalSection(SolutionProperties) = preSolution
		HideSolutionNode = FALSE
	EndGlobalSection
	GlobalSection(ExtensibilityGlobals) = postSolution
		SolutionGuid = {5A1B004E-BB71-4D8D-86D0-2289C547745B}
	EndGlobalSection
EndGlobal
